
Microsoft Visual Studio Solution File, Format Version 12.00
# Visual Studio Version 16
VisualStudioVersion = 16.0.32929.386
MinimumVisualStudioVersion = 10.0.40219.1
Project("{FAE04EC0-301F-11D3-BF4B-00C04F79EFBC}") = "WorkOffice.Common", "WorkOffice.Common\WorkOffice.Common.csproj", "{889768B6-6B02-4E51-9621-3C5D5E868DED}"
EndProject
Project("{FAE04EC0-301F-11D3-BF4B-00C04F79EFBC}") = "WorkOffice.Domain", "WorkOffice.Domain\WorkOffice.Domain.csproj", "{54A20C17-D8A9-4AFF-8E39-0012EB68983C}"
EndProject
Project("{FAE04EC0-301F-11D3-BF4B-00C04F79EFBC}") = "WorkOffice.Services", "WorkOffice.Services\WorkOffice.Services.csproj", "{7F3D2983-922C-4BE7-84DA-B650FD7CCC41}"
EndProject
Project("{FAE04EC0-301F-11D3-BF4B-00C04F79EFBC}") = "WorkOffice.Contracts", "WorkOffice.Contracts\WorkOffice.Contracts.csproj", "{969B7F3A-AD7E-4030-964E-043BB7A6AF23}"
EndProject
Project("{FAE04EC0-301F-11D3-BF4B-00C04F79EFBC}") = "WorkOffice.Web", "WorkOffice.Web\WorkOffice.Web.csproj", "{1C58DCD6-3F70-4419-8591-02E93E386526}"
EndProject
Global
	GlobalSection(SolutionConfigurationPlatforms) = preSolution
		Debug|Any CPU = Debug|Any CPU
		Release|Any CPU = Release|Any CPU
	EndGlobalSection
	GlobalSection(ProjectConfigurationPlatforms) = postSolution
		{889768B6-6B02-4E51-9621-3C5D5E868DED}.Debug|Any CPU.ActiveCfg = Debug|Any CPU
		{889768B6-6B02-4E51-9621-3C5D5E868DED}.Debug|Any CPU.Build.0 = Debug|Any CPU
		{889768B6-6B02-4E51-9621-3C5D5E868DED}.Release|Any CPU.ActiveCfg = Release|Any CPU
		{889768B6-6B02-4E51-9621-3C5D5E868DED}.Release|Any CPU.Build.0 = Release|Any CPU
		{54A20C17-D8A9-4AFF-8E39-0012EB68983C}.Debug|Any CPU.ActiveCfg = Debug|Any CPU
		{54A20C17-D8A9-4AFF-8E39-0012EB68983C}.Debug|Any CPU.Build.0 = Debug|Any CPU
		{54A20C17-D8A9-4AFF-8E39-0012EB68983C}.Release|Any CPU.ActiveCfg = Release|Any CPU
		{54A20C17-D8A9-4AFF-8E39-0012EB68983C}.Release|Any CPU.Build.0 = Release|Any CPU
		{7F3D2983-922C-4BE7-84DA-B650FD7CCC41}.Debug|Any CPU.ActiveCfg = Debug|Any CPU
		{7F3D2983-922C-4BE7-84DA-B650FD7CCC41}.Debug|Any CPU.Build.0 = Debug|Any CPU
		{7F3D2983-922C-4BE7-84DA-B650FD7CCC41}.Release|Any CPU.ActiveCfg = Release|Any CPU
		{7F3D2983-922C-4BE7-84DA-B650FD7CCC41}.Release|Any CPU.Build.0 = Release|Any CPU
		{969B7F3A-AD7E-4030-964E-043BB7A6AF23}.Debug|Any CPU.ActiveCfg = Debug|Any CPU
		{969B7F3A-AD7E-4030-964E-043BB7A6AF23}.Debug|Any CPU.Build.0 = Debug|Any CPU
		{969B7F3A-AD7E-4030-964E-043BB7A6AF23}.Release|Any CPU.ActiveCfg = Release|Any CPU
		{969B7F3A-AD7E-4030-964E-043BB7A6AF23}.Release|Any CPU.Build.0 = Release|Any CPU
		{1C58DCD6-3F70-4419-8591-02E93E386526}.Debug|Any CPU.ActiveCfg = Debug|Any CPU
		{1C58DCD6-3F70-4419-8591-02E93E386526}.Debug|Any CPU.Build.0 = Debug|Any CPU
		{1C58DCD6-3F70-4419-8591-02E93E386526}.Release|Any CPU.ActiveCfg = Release|Any CPU
		{1C58DCD6-3F70-4419-8591-02E93E386526}.Release|Any CPU.Build.0 = Release|Any CPU
	EndGlobalSection
	GlobalSection(SolutionProperties) = preSolution
		HideSolutionNode = FALSE
	EndGlobalSection
	GlobalSection(ExtensibilityGlobals) = postSolution
		SolutionGuid = {C9EF3DEA-609A-4735-A760-C2F30BB5ED79}
	EndGlobalSection
EndGlobal
